// !$*UTF8*$!
{
	archiveVersion = 1;
	classes = {
	};
	objectVersion = 54;
	objects = {

/* Begin PBXBuildFile section */
		058557BB273AAA24004C7B11 /* Assets.xcassets in Resources */ = {isa = PBXBuildFile; fileRef = 058557BA273AAA24004C7B11 /* Assets.xcassets */; };
		058557D9273AAEEB004C7B11 /* Preview Assets.xcassets in Resources */ = {isa = PBXBuildFile; fileRef = 058557D8273AAEEB004C7B11 /* Preview Assets.xcassets */; };
		2152FB042600AC8F00CF470E /* iOSApp.swift in Sources */ = {isa = PBXBuildFile; fileRef = 2152FB032600AC8F00CF470E /* iOSApp.swift */; };
		480F55E62C0CE30E005D87DC /* HobTabView.swift in Sources */ = {isa = PBXBuildFile; fileRef = 480F55E52C0CE30E005D87DC /* HobTabView.swift */; };
		480F56002C0CE7E1005D87DC /* BRSonoma-Regular.otf in Resources */ = {isa = PBXBuildFile; fileRef = 480F55FA2C0CE7E1005D87DC /* BRSonoma-Regular.otf */; };
		480F56012C0CE7E1005D87DC /* BRSonoma-SemiBold.otf in Resources */ = {isa = PBXBuildFile; fileRef = 480F55FB2C0CE7E1005D87DC /* BRSonoma-SemiBold.otf */; };
		480F56022C0CE7E1005D87DC /* BRSonoma-Medium.otf in Resources */ = {isa = PBXBuildFile; fileRef = 480F55FC2C0CE7E1005D87DC /* BRSonoma-Medium.otf */; };
		480F56032C0CE7E1005D87DC /* BRSonoma-Bold.otf in Resources */ = {isa = PBXBuildFile; fileRef = 480F55FD2C0CE7E1005D87DC /* BRSonoma-Bold.otf */; };
		480F56042C0CE7E1005D87DC /* BRSonoma-Light.otf in Resources */ = {isa = PBXBuildFile; fileRef = 480F55FE2C0CE7E1005D87DC /* BRSonoma-Light.otf */; };
		480F56052C0CE7E1005D87DC /* BRSonoma-Black.otf in Resources */ = {isa = PBXBuildFile; fileRef = 480F55FF2C0CE7E1005D87DC /* BRSonoma-Black.otf */; };
		480F56072C0CF734005D87DC /* ExploreScreen.swift in Sources */ = {isa = PBXBuildFile; fileRef = 480F56062C0CF734005D87DC /* ExploreScreen.swift */; };
		480F56092C0CF781005D87DC /* ReactionsBar.swift in Sources */ = {isa = PBXBuildFile; fileRef = 480F56082C0CF781005D87DC /* ReactionsBar.swift */; };
		480F560B2C0CF95F005D87DC /* ColorExtension.swift in Sources */ = {isa = PBXBuildFile; fileRef = 480F560A2C0CF95F005D87DC /* ColorExtension.swift */; };
		482451B22C0D020000DCF04B /* Shuffle in Frameworks */ = {isa = PBXBuildFile; productRef = 482451B12C0D020000DCF04B /* Shuffle */; };
		482451B72C0D052600DCF04B /* SwipeCardView.swift in Sources */ = {isa = PBXBuildFile; fileRef = 482451B62C0D052600DCF04B /* SwipeCardView.swift */; };
		4847AF392C0DD936005EAA92 /* LikesScreen.swift in Sources */ = {isa = PBXBuildFile; fileRef = 4847AF382C0DD936005EAA92 /* LikesScreen.swift */; };
		4847AF3B2C0DE875005EAA92 /* ProfileScreen.swift in Sources */ = {isa = PBXBuildFile; fileRef = 4847AF3A2C0DE875005EAA92 /* ProfileScreen.swift */; };
		4847AF3D2C0DE895005EAA92 /* ChatScreen.swift in Sources */ = {isa = PBXBuildFile; fileRef = 4847AF3C2C0DE895005EAA92 /* ChatScreen.swift */; };
		4847AF3F2C0DEE2D005EAA92 /* ChatCard.swift in Sources */ = {isa = PBXBuildFile; fileRef = 4847AF3E2C0DEE2D005EAA92 /* ChatCard.swift */; };
		485814BB2C0EECD1004BCCE1 /* SignUpScreen.swift in Sources */ = {isa = PBXBuildFile; fileRef = 485814BA2C0EECD1004BCCE1 /* SignUpScreen.swift */; };
		48A94DC12C0E4A0E0029AAEC /* HobButton.swift in Sources */ = {isa = PBXBuildFile; fileRef = 48A94DC02C0E4A0E0029AAEC /* HobButton.swift */; };
		48A94DC32C0E4B8C0029AAEC /* DarkHobButton.swift in Sources */ = {isa = PBXBuildFile; fileRef = 48A94DC22C0E4B8C0029AAEC /* DarkHobButton.swift */; };
		48A94DC72C0E4DFD0029AAEC /* SignInScreen.swift in Sources */ = {isa = PBXBuildFile; fileRef = 48A94DC62C0E4DFD0029AAEC /* SignInScreen.swift */; };
		48EA46E62C0E1F1300937DF1 /* PremiumButton.swift in Sources */ = {isa = PBXBuildFile; fileRef = 48EA46E52C0E1F1300937DF1 /* PremiumButton.swift */; };
		48EA46E92C0E476F00937DF1 /* WelcomeScreen.swift in Sources */ = {isa = PBXBuildFile; fileRef = 48EA46E82C0E476F00937DF1 /* WelcomeScreen.swift */; };
		7555FF83242A565900829871 /* ContentView.swift in Sources */ = {isa = PBXBuildFile; fileRef = 7555FF82242A565900829871 /* ContentView.swift */; };
/* End PBXBuildFile section */

/* Begin PBXCopyFilesBuildPhase section */
		7555FFB4242A642300829871 /* Embed Frameworks */ = {
			isa = PBXCopyFilesBuildPhase;
			buildActionMask = 2147483647;
			dstPath = "";
			dstSubfolderSpec = 10;
			files = (
			);
			name = "Embed Frameworks";
			runOnlyForDeploymentPostprocessing = 0;
		};
/* End PBXCopyFilesBuildPhase section */

/* Begin PBXFileReference section */
		058557BA273AAA24004C7B11 /* Assets.xcassets */ = {isa = PBXFileReference; lastKnownFileType = folder.assetcatalog; path = Assets.xcassets; sourceTree = "<group>"; };
		058557D8273AAEEB004C7B11 /* Preview Assets.xcassets */ = {isa = PBXFileReference; lastKnownFileType = folder.assetcatalog; path = "Preview Assets.xcassets"; sourceTree = "<group>"; };
		2152FB032600AC8F00CF470E /* iOSApp.swift */ = {isa = PBXFileReference; lastKnownFileType = sourcecode.swift; path = iOSApp.swift; sourceTree = "<group>"; };
		480F55E52C0CE30E005D87DC /* HobTabView.swift */ = {isa = PBXFileReference; lastKnownFileType = sourcecode.swift; path = HobTabView.swift; sourceTree = "<group>"; };
		480F55FA2C0CE7E1005D87DC /* BRSonoma-Regular.otf */ = {isa = PBXFileReference; lastKnownFileType = file; path = "BRSonoma-Regular.otf"; sourceTree = "<group>"; };
		480F55FB2C0CE7E1005D87DC /* BRSonoma-SemiBold.otf */ = {isa = PBXFileReference; lastKnownFileType = file; path = "BRSonoma-SemiBold.otf"; sourceTree = "<group>"; };
		480F55FC2C0CE7E1005D87DC /* BRSonoma-Medium.otf */ = {isa = PBXFileReference; lastKnownFileType = file; path = "BRSonoma-Medium.otf"; sourceTree = "<group>"; };
		480F55FD2C0CE7E1005D87DC /* BRSonoma-Bold.otf */ = {isa = PBXFileReference; lastKnownFileType = file; path = "BRSonoma-Bold.otf"; sourceTree = "<group>"; };
		480F55FE2C0CE7E1005D87DC /* BRSonoma-Light.otf */ = {isa = PBXFileReference; lastKnownFileType = file; path = "BRSonoma-Light.otf"; sourceTree = "<group>"; };
		480F55FF2C0CE7E1005D87DC /* BRSonoma-Black.otf */ = {isa = PBXFileReference; lastKnownFileType = file; path = "BRSonoma-Black.otf"; sourceTree = "<group>"; };
		480F56062C0CF734005D87DC /* ExploreScreen.swift */ = {isa = PBXFileReference; lastKnownFileType = sourcecode.swift; path = ExploreScreen.swift; sourceTree = "<group>"; };
		480F56082C0CF781005D87DC /* ReactionsBar.swift */ = {isa = PBXFileReference; lastKnownFileType = sourcecode.swift; path = ReactionsBar.swift; sourceTree = "<group>"; };
		480F560A2C0CF95F005D87DC /* ColorExtension.swift */ = {isa = PBXFileReference; lastKnownFileType = sourcecode.swift; path = ColorExtension.swift; sourceTree = "<group>"; };
		482451B62C0D052600DCF04B /* SwipeCardView.swift */ = {isa = PBXFileReference; lastKnownFileType = sourcecode.swift; path = SwipeCardView.swift; sourceTree = "<group>"; };
		4847AF382C0DD936005EAA92 /* LikesScreen.swift */ = {isa = PBXFileReference; lastKnownFileType = sourcecode.swift; path = LikesScreen.swift; sourceTree = "<group>"; };
		4847AF3A2C0DE875005EAA92 /* ProfileScreen.swift */ = {isa = PBXFileReference; lastKnownFileType = sourcecode.swift; path = ProfileScreen.swift; sourceTree = "<group>"; };
		4847AF3C2C0DE895005EAA92 /* ChatScreen.swift */ = {isa = PBXFileReference; lastKnownFileType = sourcecode.swift; path = ChatScreen.swift; sourceTree = "<group>"; };
		4847AF3E2C0DEE2D005EAA92 /* ChatCard.swift */ = {isa = PBXFileReference; lastKnownFileType = sourcecode.swift; path = ChatCard.swift; sourceTree = "<group>"; };
		485814BA2C0EECD1004BCCE1 /* SignUpScreen.swift */ = {isa = PBXFileReference; lastKnownFileType = sourcecode.swift; path = SignUpScreen.swift; sourceTree = "<group>"; };
		48A94DC02C0E4A0E0029AAEC /* HobButton.swift */ = {isa = PBXFileReference; lastKnownFileType = sourcecode.swift; path = HobButton.swift; sourceTree = "<group>"; };
		48A94DC22C0E4B8C0029AAEC /* DarkHobButton.swift */ = {isa = PBXFileReference; lastKnownFileType = sourcecode.swift; path = DarkHobButton.swift; sourceTree = "<group>"; };
		48A94DC62C0E4DFD0029AAEC /* SignInScreen.swift */ = {isa = PBXFileReference; lastKnownFileType = sourcecode.swift; path = SignInScreen.swift; sourceTree = "<group>"; };
		48EA46E52C0E1F1300937DF1 /* PremiumButton.swift */ = {isa = PBXFileReference; lastKnownFileType = sourcecode.swift; path = PremiumButton.swift; sourceTree = "<group>"; };
		48EA46E82C0E476F00937DF1 /* WelcomeScreen.swift */ = {isa = PBXFileReference; lastKnownFileType = sourcecode.swift; path = WelcomeScreen.swift; sourceTree = "<group>"; };
		7555FF7B242A565900829871 /* iosApp.app */ = {isa = PBXFileReference; explicitFileType = wrapper.application; includeInIndex = 0; path = iosApp.app; sourceTree = BUILT_PRODUCTS_DIR; };
		7555FF82242A565900829871 /* ContentView.swift */ = {isa = PBXFileReference; lastKnownFileType = sourcecode.swift; path = ContentView.swift; sourceTree = "<group>"; };
		7555FF8C242A565B00829871 /* Info.plist */ = {isa = PBXFileReference; lastKnownFileType = text.plist.xml; path = Info.plist; sourceTree = "<group>"; };
/* End PBXFileReference section */

/* Begin PBXFrameworksBuildPhase section */
		7555FF78242A565900829871 /* Frameworks */ = {
			isa = PBXFrameworksBuildPhase;
			buildActionMask = 2147483647;
			files = (
				482451B22C0D020000DCF04B /* Shuffle in Frameworks */,
			);
			runOnlyForDeploymentPostprocessing = 0;
		};
/* End PBXFrameworksBuildPhase section */

/* Begin PBXGroup section */
		058557D7273AAEEB004C7B11 /* Preview Content */ = {
			isa = PBXGroup;
			children = (
				058557D8273AAEEB004C7B11 /* Preview Assets.xcassets */,
			);
			path = "Preview Content";
			sourceTree = "<group>";
		};
		480F55DE2C0CE264005D87DC /* UI */ = {
			isa = PBXGroup;
			children = (
				480F55E42C0CE2F1005D87DC /* Components */,
				480F55DF2C0CE26A005D87DC /* Screens */,
			);
			path = UI;
			sourceTree = "<group>";
		};
		480F55DF2C0CE26A005D87DC /* Screens */ = {
			isa = PBXGroup;
			children = (
				48A94DC52C0E4DEC0029AAEC /* SignUp */,
				48A94DC42C0E4DE40029AAEC /* SignIn */,
				48EA46E72C0E476200937DF1 /* Welcome */,
				480F55E32C0CE29A005D87DC /* Profile */,
				480F55E22C0CE288005D87DC /* Chat */,
				480F55E12C0CE281005D87DC /* Likes */,
				480F55E02C0CE278005D87DC /* Explore */,
			);
			path = Screens;
			sourceTree = "<group>";
		};
		480F55E02C0CE278005D87DC /* Explore */ = {
			isa = PBXGroup;
			children = (
				480F56062C0CF734005D87DC /* ExploreScreen.swift */,
				480F56082C0CF781005D87DC /* ReactionsBar.swift */,
				482451B62C0D052600DCF04B /* SwipeCardView.swift */,
			);
			path = Explore;
			sourceTree = "<group>";
		};
		480F55E12C0CE281005D87DC /* Likes */ = {
			isa = PBXGroup;
			children = (
				4847AF382C0DD936005EAA92 /* LikesScreen.swift */,
			);
			path = Likes;
			sourceTree = "<group>";
		};
		480F55E22C0CE288005D87DC /* Chat */ = {
			isa = PBXGroup;
			children = (
				4847AF3C2C0DE895005EAA92 /* ChatScreen.swift */,
				4847AF3E2C0DEE2D005EAA92 /* ChatCard.swift */,
			);
			path = Chat;
			sourceTree = "<group>";
		};
		480F55E32C0CE29A005D87DC /* Profile */ = {
			isa = PBXGroup;
			children = (
				4847AF3A2C0DE875005EAA92 /* ProfileScreen.swift */,
			);
			path = Profile;
			sourceTree = "<group>";
		};
		480F55E42C0CE2F1005D87DC /* Components */ = {
			isa = PBXGroup;
			children = (
				480F55E52C0CE30E005D87DC /* HobTabView.swift */,
				48EA46E52C0E1F1300937DF1 /* PremiumButton.swift */,
				48A94DC02C0E4A0E0029AAEC /* HobButton.swift */,
				48A94DC22C0E4B8C0029AAEC /* DarkHobButton.swift */,
			);
			path = Components;
			sourceTree = "<group>";
		};
		480F55E72C0CE45C005D87DC /* Fonts */ = {
			isa = PBXGroup;
			children = (
				480F55FF2C0CE7E1005D87DC /* BRSonoma-Black.otf */,
				480F55FD2C0CE7E1005D87DC /* BRSonoma-Bold.otf */,
				480F55FE2C0CE7E1005D87DC /* BRSonoma-Light.otf */,
				480F55FC2C0CE7E1005D87DC /* BRSonoma-Medium.otf */,
				480F55FA2C0CE7E1005D87DC /* BRSonoma-Regular.otf */,
				480F55FB2C0CE7E1005D87DC /* BRSonoma-SemiBold.otf */,
			);
			path = Fonts;
			sourceTree = "<group>";
		};
		48A94DC42C0E4DE40029AAEC /* SignIn */ = {
			isa = PBXGroup;
			children = (
				48A94DC62C0E4DFD0029AAEC /* SignInScreen.swift */,
			);
			path = SignIn;
			sourceTree = "<group>";
		};
		48A94DC52C0E4DEC0029AAEC /* SignUp */ = {
			isa = PBXGroup;
			children = (
				485814BA2C0EECD1004BCCE1 /* SignUpScreen.swift */,
			);
			path = SignUp;
			sourceTree = "<group>";
		};
		48EA46E72C0E476200937DF1 /* Welcome */ = {
			isa = PBXGroup;
			children = (
				48EA46E82C0E476F00937DF1 /* WelcomeScreen.swift */,
			);
			path = Welcome;
			sourceTree = "<group>";
		};
		7555FF72242A565900829871 = {
			isa = PBXGroup;
			children = (
				7555FF7D242A565900829871 /* iosApp */,
				7555FF7C242A565900829871 /* Products */,
			);
			sourceTree = "<group>";
		};
		7555FF7C242A565900829871 /* Products */ = {
			isa = PBXGroup;
			children = (
				7555FF7B242A565900829871 /* iosApp.app */,
			);
			name = Products;
			sourceTree = "<group>";
		};
		7555FF7D242A565900829871 /* iosApp */ = {
			isa = PBXGroup;
			children = (
				480F55E72C0CE45C005D87DC /* Fonts */,
				480F55DE2C0CE264005D87DC /* UI */,
				058557BA273AAA24004C7B11 /* Assets.xcassets */,
				7555FF82242A565900829871 /* ContentView.swift */,
				7555FF8C242A565B00829871 /* Info.plist */,
				2152FB032600AC8F00CF470E /* iOSApp.swift */,
				058557D7273AAEEB004C7B11 /* Preview Content */,
				480F560A2C0CF95F005D87DC /* ColorExtension.swift */,
			);
			path = iosApp;
			sourceTree = "<group>";
		};
/* End PBXGroup section */

/* Begin PBXNativeTarget section */
		7555FF7A242A565900829871 /* iosApp */ = {
			isa = PBXNativeTarget;
			buildConfigurationList = 7555FFA5242A565B00829871 /* Build configuration list for PBXNativeTarget "iosApp" */;
			buildPhases = (
				7555FFB5242A651A00829871 /* ShellScript */,
				7555FF77242A565900829871 /* Sources */,
				7555FF78242A565900829871 /* Frameworks */,
				7555FF79242A565900829871 /* Resources */,
				7555FFB4242A642300829871 /* Embed Frameworks */,
			);
			buildRules = (
			);
			dependencies = (
			);
			name = iosApp;
			packageProductDependencies = (
				482451B12C0D020000DCF04B /* Shuffle */,
			);
			productName = iosApp;
			productReference = 7555FF7B242A565900829871 /* iosApp.app */;
			productType = "com.apple.product-type.application";
		};
/* End PBXNativeTarget section */

/* Begin PBXProject section */
		7555FF73242A565900829871 /* Project object */ = {
			isa = PBXProject;
			attributes = {
				LastSwiftUpdateCheck = 1130;
				LastUpgradeCheck = 1130;
				ORGANIZATIONNAME = orgName;
				TargetAttributes = {
					7555FF7A242A565900829871 = {
						CreatedOnToolsVersion = 11.3.1;
					};
				};
			};
			buildConfigurationList = 7555FF76242A565900829871 /* Build configuration list for PBXProject "iosApp" */;
			compatibilityVersion = "Xcode 9.3";
			developmentRegion = en;
			hasScannedForEncodings = 0;
			knownRegions = (
				en,
				Base,
			);
			mainGroup = 7555FF72242A565900829871;
			packageReferences = (
				482451B02C0D020000DCF04B /* XCRemoteSwiftPackageReference "Shuffle" */,
			);
			productRefGroup = 7555FF7C242A565900829871 /* Products */;
			projectDirPath = "";
			projectRoot = "";
			targets = (
				7555FF7A242A565900829871 /* iosApp */,
			);
		};
/* End PBXProject section */

/* Begin PBXResourcesBuildPhase section */
		7555FF79242A565900829871 /* Resources */ = {
			isa = PBXResourcesBuildPhase;
			buildActionMask = 2147483647;
			files = (
				058557D9273AAEEB004C7B11 /* Preview Assets.xcassets in Resources */,
				058557BB273AAA24004C7B11 /* Assets.xcassets in Resources */,
				480F56032C0CE7E1005D87DC /* BRSonoma-Bold.otf in Resources */,
				480F56022C0CE7E1005D87DC /* BRSonoma-Medium.otf in Resources */,
				480F56002C0CE7E1005D87DC /* BRSonoma-Regular.otf in Resources */,
				480F56012C0CE7E1005D87DC /* BRSonoma-SemiBold.otf in Resources */,
				480F56052C0CE7E1005D87DC /* BRSonoma-Black.otf in Resources */,
				480F56042C0CE7E1005D87DC /* BRSonoma-Light.otf in Resources */,
			);
			runOnlyForDeploymentPostprocessing = 0;
		};
/* End PBXResourcesBuildPhase section */

/* Begin PBXShellScriptBuildPhase section */
		7555FFB5242A651A00829871 /* ShellScript */ = {
			isa = PBXShellScriptBuildPhase;
			buildActionMask = 2147483647;
			files = (
			);
			inputFileListPaths = (
			);
			inputPaths = (
			);
			outputFileListPaths = (
			);
			outputPaths = (
			);
			runOnlyForDeploymentPostprocessing = 0;
			shellPath = /bin/sh;
			shellScript = "cd \"$SRCROOT/..\"\n./gradlew :shared:embedAndSignAppleFrameworkForXcode\n";
		};
/* End PBXShellScriptBuildPhase section */

/* Begin PBXSourcesBuildPhase section */
		7555FF77242A565900829871 /* Sources */ = {
			isa = PBXSourcesBuildPhase;
			buildActionMask = 2147483647;
			files = (
				480F56092C0CF781005D87DC /* ReactionsBar.swift in Sources */,
				4847AF3D2C0DE895005EAA92 /* ChatScreen.swift in Sources */,
				2152FB042600AC8F00CF470E /* iOSApp.swift in Sources */,
				482451B72C0D052600DCF04B /* SwipeCardView.swift in Sources */,
				480F56072C0CF734005D87DC /* ExploreScreen.swift in Sources */,
				48A94DC72C0E4DFD0029AAEC /* SignInScreen.swift in Sources */,
				48EA46E92C0E476F00937DF1 /* WelcomeScreen.swift in Sources */,
				485814BB2C0EECD1004BCCE1 /* SignUpScreen.swift in Sources */,
				4847AF3B2C0DE875005EAA92 /* ProfileScreen.swift in Sources */,
				4847AF392C0DD936005EAA92 /* LikesScreen.swift in Sources */,
				480F560B2C0CF95F005D87DC /* ColorExtension.swift in Sources */,
				48A94DC32C0E4B8C0029AAEC /* DarkHobButton.swift in Sources */,
				48A94DC12C0E4A0E0029AAEC /* HobButton.swift in Sources */,
				7555FF83242A565900829871 /* ContentView.swift in Sources */,
				48EA46E62C0E1F1300937DF1 /* PremiumButton.swift in Sources */,
				4847AF3F2C0DEE2D005EAA92 /* ChatCard.swift in Sources */,
				480F55E62C0CE30E005D87DC /* HobTabView.swift in Sources */,
			);
			runOnlyForDeploymentPostprocessing = 0;
		};
/* End PBXSourcesBuildPhase section */

/* Begin XCBuildConfiguration section */
		7555FFA3242A565B00829871 /* Debug */ = {
			isa = XCBuildConfiguration;
			buildSettings = {
				ALWAYS_SEARCH_USER_PATHS = NO;
				CLANG_ANALYZER_NONNULL = YES;
				CLANG_ANALYZER_NUMBER_OBJECT_CONVERSION = YES_AGGRESSIVE;
				CLANG_CXX_LANGUAGE_STANDARD = "gnu++14";
				CLANG_CXX_LIBRARY = "libc++";
				CLANG_ENABLE_MODULES = YES;
				CLANG_ENABLE_OBJC_ARC = YES;
				CLANG_ENABLE_OBJC_WEAK = YES;
				CLANG_WARN_BLOCK_CAPTURE_AUTORELEASING = YES;
				CLANG_WARN_BOOL_CONVERSION = YES;
				CLANG_WARN_COMMA = YES;
				CLANG_WARN_CONSTANT_CONVERSION = YES;
				CLANG_WARN_DEPRECATED_OBJC_IMPLEMENTATIONS = YES;
				CLANG_WARN_DIRECT_OBJC_ISA_USAGE = YES_ERROR;
				CLANG_WARN_DOCUMENTATION_COMMENTS = YES;
				CLANG_WARN_EMPTY_BODY = YES;
				CLANG_WARN_ENUM_CONVERSION = YES;
				CLANG_WARN_INFINITE_RECURSION = YES;
				CLANG_WARN_INT_CONVERSION = YES;
				CLANG_WARN_NON_LITERAL_NULL_CONVERSION = YES;
				CLANG_WARN_OBJC_IMPLICIT_RETAIN_SELF = YES;
				CLANG_WARN_OBJC_LITERAL_CONVERSION = YES;
				CLANG_WARN_OBJC_ROOT_CLASS = YES_ERROR;
				CLANG_WARN_QUOTED_INCLUDE_IN_FRAMEWORK_HEADER = YES;
				CLANG_WARN_RANGE_LOOP_ANALYSIS = YES;
				CLANG_WARN_STRICT_PROTOTYPES = YES;
				CLANG_WARN_SUSPICIOUS_MOVE = YES;
				CLANG_WARN_UNGUARDED_AVAILABILITY = YES_AGGRESSIVE;
				CLANG_WARN_UNREACHABLE_CODE = YES;
				CLANG_WARN__DUPLICATE_METHOD_MATCH = YES;
				COPY_PHASE_STRIP = NO;
				DEBUG_INFORMATION_FORMAT = "dwarf-with-dsym";
				ENABLE_STRICT_OBJC_MSGSEND = YES;
				ENABLE_TESTABILITY = YES;
				GCC_C_LANGUAGE_STANDARD = gnu11;
				GCC_DYNAMIC_NO_PIC = NO;
				GCC_NO_COMMON_BLOCKS = YES;
				GCC_OPTIMIZATION_LEVEL = 0;
				GCC_PREPROCESSOR_DEFINITIONS = (
					"DEBUG=1",
					"$(inherited)",
				);
				GCC_WARN_64_TO_32_BIT_CONVERSION = YES;
				GCC_WARN_ABOUT_RETURN_TYPE = YES_ERROR;
				GCC_WARN_UNDECLARED_SELECTOR = YES;
				GCC_WARN_UNINITIALIZED_AUTOS = YES_AGGRESSIVE;
				GCC_WARN_UNUSED_FUNCTION = YES;
				GCC_WARN_UNUSED_VARIABLE = YES;
				IPHONEOS_DEPLOYMENT_TARGET = 14.1;
				MTL_ENABLE_DEBUG_INFO = INCLUDE_SOURCE;
				MTL_FAST_MATH = YES;
				ONLY_ACTIVE_ARCH = YES;
				SDKROOT = iphoneos;
				SWIFT_ACTIVE_COMPILATION_CONDITIONS = DEBUG;
				SWIFT_OPTIMIZATION_LEVEL = "-Onone";
			};
			name = Debug;
		};
		7555FFA4242A565B00829871 /* Release */ = {
			isa = XCBuildConfiguration;
			buildSettings = {
				ALWAYS_SEARCH_USER_PATHS = NO;
				CLANG_ANALYZER_NONNULL = YES;
				CLANG_ANALYZER_NUMBER_OBJECT_CONVERSION = YES_AGGRESSIVE;
				CLANG_CXX_LANGUAGE_STANDARD = "gnu++14";
				CLANG_CXX_LIBRARY = "libc++";
				CLANG_ENABLE_MODULES = YES;
				CLANG_ENABLE_OBJC_ARC = YES;
				CLANG_ENABLE_OBJC_WEAK = YES;
				CLANG_WARN_BLOCK_CAPTURE_AUTORELEASING = YES;
				CLANG_WARN_BOOL_CONVERSION = YES;
				CLANG_WARN_COMMA = YES;
				CLANG_WARN_CONSTANT_CONVERSION = YES;
				CLANG_WARN_DEPRECATED_OBJC_IMPLEMENTATIONS = YES;
				CLANG_WARN_DIRECT_OBJC_ISA_USAGE = YES_ERROR;
				CLANG_WARN_DOCUMENTATION_COMMENTS = YES;
				CLANG_WARN_EMPTY_BODY = YES;
				CLANG_WARN_ENUM_CONVERSION = YES;
				CLANG_WARN_INFINITE_RECURSION = YES;
				CLANG_WARN_INT_CONVERSION = YES;
				CLANG_WARN_NON_LITERAL_NULL_CONVERSION = YES;
				CLANG_WARN_OBJC_IMPLICIT_RETAIN_SELF = YES;
				CLANG_WARN_OBJC_LITERAL_CONVERSION = YES;
				CLANG_WARN_OBJC_ROOT_CLASS = YES_ERROR;
				CLANG_WARN_QUOTED_INCLUDE_IN_FRAMEWORK_HEADER = YES;
				CLANG_WARN_RANGE_LOOP_ANALYSIS = YES;
				CLANG_WARN_STRICT_PROTOTYPES = YES;
				CLANG_WARN_SUSPICIOUS_MOVE = YES;
				CLANG_WARN_UNGUARDED_AVAILABILITY = YES_AGGRESSIVE;
				CLANG_WARN_UNREACHABLE_CODE = YES;
				CLANG_WARN__DUPLICATE_METHOD_MATCH = YES;
				COPY_PHASE_STRIP = NO;
				DEBUG_INFORMATION_FORMAT = "dwarf-with-dsym";
				ENABLE_NS_ASSERTIONS = NO;
				ENABLE_STRICT_OBJC_MSGSEND = YES;
				GCC_C_LANGUAGE_STANDARD = gnu11;
				GCC_NO_COMMON_BLOCKS = YES;
				GCC_WARN_64_TO_32_BIT_CONVERSION = YES;
				GCC_WARN_ABOUT_RETURN_TYPE = YES_ERROR;
				GCC_WARN_UNDECLARED_SELECTOR = YES;
				GCC_WARN_UNINITIALIZED_AUTOS = YES_AGGRESSIVE;
				GCC_WARN_UNUSED_FUNCTION = YES;
				GCC_WARN_UNUSED_VARIABLE = YES;
				IPHONEOS_DEPLOYMENT_TARGET = 14.1;
				MTL_ENABLE_DEBUG_INFO = NO;
				MTL_FAST_MATH = YES;
				SDKROOT = iphoneos;
				SWIFT_COMPILATION_MODE = wholemodule;
				SWIFT_OPTIMIZATION_LEVEL = "-O";
				VALIDATE_PRODUCT = YES;
			};
			name = Release;
		};
		7555FFA6242A565B00829871 /* Debug */ = {
			isa = XCBuildConfiguration;
			buildSettings = {
				ASSETCATALOG_COMPILER_APPICON_NAME = AppIcon;
				CODE_SIGN_STYLE = Automatic;
				DEVELOPMENT_ASSET_PATHS = "\"iosApp/Preview Content\"";
				DEVELOPMENT_TEAM = LXXT2YFP24;
				ENABLE_PREVIEWS = YES;
				FRAMEWORK_SEARCH_PATHS = (
					"$(inherited)",
					"$(SRCROOT)/../shared/build/xcode-frameworks/$(CONFIGURATION)/$(SDK_NAME)",
				);
				INFOPLIST_FILE = iosApp/Info.plist;
				IPHONEOS_DEPLOYMENT_TARGET = 16.0;
				LD_RUNPATH_SEARCH_PATHS = (
					"$(inherited)",
					"@executable_path/Frameworks",
				);
				OTHER_LDFLAGS = (
					"$(inherited)",
					"-framework",
					shared,
				);
				PRODUCT_BUNDLE_IDENTIFIER = com.moment.hob;
				PRODUCT_NAME = "$(TARGET_NAME)";
				SWIFT_VERSION = 5.0;
				TARGETED_DEVICE_FAMILY = "1,2";
			};
			name = Debug;
		};
		7555FFA7242A565B00829871 /* Release */ = {
			isa = XCBuildConfiguration;
			buildSettings = {
				ASSETCATALOG_COMPILER_APPICON_NAME = AppIcon;
				CODE_SIGN_STYLE = Automatic;
				DEVELOPMENT_ASSET_PATHS = "\"iosApp/Preview Content\"";
				DEVELOPMENT_TEAM = LXXT2YFP24;
				ENABLE_PREVIEWS = YES;
				FRAMEWORK_SEARCH_PATHS = (
					"$(inherited)",
					"$(SRCROOT)/../shared/build/xcode-frameworks/$(CONFIGURATION)/$(SDK_NAME)",
				);
				INFOPLIST_FILE = iosApp/Info.plist;
				IPHONEOS_DEPLOYMENT_TARGET = 16.0;
				LD_RUNPATH_SEARCH_PATHS = (
					"$(inherited)",
					"@executable_path/Frameworks",
				);
				OTHER_LDFLAGS = (
					"$(inherited)",
					"-framework",
					shared,
				);
				PRODUCT_BUNDLE_IDENTIFIER = com.moment.hob;
				PRODUCT_NAME = "$(TARGET_NAME)";
				SWIFT_VERSION = 5.0;
				TARGETED_DEVICE_FAMILY = "1,2";
			};
			name = Release;
		};
/* End XCBuildConfiguration section */

/* Begin XCConfigurationList section */
		7555FF76242A565900829871 /* Build configuration list for PBXProject "iosApp" */ = {
			isa = XCConfigurationList;
			buildConfigurations = (
				7555FFA3242A565B00829871 /* Debug */,
				7555FFA4242A565B00829871 /* Release */,
			);
			defaultConfigurationIsVisible = 0;
			defaultConfigurationName = Release;
		};
		7555FFA5242A565B00829871 /* Build configuration list for PBXNativeTarget "iosApp" */ = {
			isa = XCConfigurationList;
			buildConfigurations = (
				7555FFA6242A565B00829871 /* Debug */,
				7555FFA7242A565B00829871 /* Release */,
			);
			defaultConfigurationIsVisible = 0;
			defaultConfigurationName = Release;
		};
/* End XCConfigurationList section */

/* Begin XCRemoteSwiftPackageReference section */
		482451B02C0D020000DCF04B /* XCRemoteSwiftPackageReference "Shuffle" */ = {
			isa = XCRemoteSwiftPackageReference;
			repositoryURL = "https://github.com/mac-gallagher/Shuffle";
			requirement = {
				branch = master;
				kind = branch;
			};
		};
/* End XCRemoteSwiftPackageReference section */

/* Begin XCSwiftPackageProductDependency section */
		482451B12C0D020000DCF04B /* Shuffle */ = {
			isa = XCSwiftPackageProductDependency;
			package = 482451B02C0D020000DCF04B /* XCRemoteSwiftPackageReference "Shuffle" */;
			productName = Shuffle;
		};
/* End XCSwiftPackageProductDependency section */
	};
	rootObject = 7555FF73242A565900829871 /* Project object */;
}
