{
  "pins" : [
    {
      "identity" : "shuffle",
      "kind" : "remoteSourceControl",
      "location" : "https://github.com/mac-gallagher/Shuffle",
      "state" : {
        "branch" : "master",
        "revision" : "df246b9cd6b8b5e021b23c80706b4a4571785c1b"
      }
    }
  ],
  "version" : 2
}
