{
  "pins" : [
    {
      "identity" : "kmp-nativecoroutines",
      "kind" : "remoteSourceControl",
      "location" : "https://github.com/rickclephas/KMP-NativeCoroutines",
      "state" : {
        "revision" : "d0418a9db2dcd1e2851aad8f3751a2c836243847",
        "version" : "1.0.0-ALPHA-21"
      }
    },
    {
      "identity" : "rxswift",
      "kind" : "remoteSourceControl",
      "location" : "https://github.com/ReactiveX/RxSwift.git",
      "state" : {
        "revision" : "b06a8c8596e4c3e8e7788e08e720e3248563ce6a",
        "version" : "6.7.1"
      }
    },
    {
      "identity" : "shuffle",
      "kind" : "remoteSourceControl",
      "location" : "https://github.com/mac-gallagher/Shuffle",
      "state" : {
        "branch" : "master",
        "revision" : "df246b9cd6b8b5e021b23c80706b4a4571785c1b"
      }
    }
  ],
  "version" : 2
}
